
Microsoft Visual Studio Solution File, Format Version 12.00
# Visual Studio Version 17
VisualStudioVersion = 17.9.34723.18
MinimumVisualStudioVersion = 10.0.40219.1
Project("{FAE04EC0-301F-11D3-BF4B-00C04F79EFBC}") = "lab7", "lab7.csproj", "{5ECC5CD7-FBE4-4B4C-918E-87198312929D}"
EndProject
Global
	GlobalSection(SolutionConfigurationPlatforms) = preSolution
		Debug|Any CPU = Debug|Any CPU
		Release|Any CPU = Release|Any CPU
	EndGlobalSection
	GlobalSection(ProjectConfigurationPlatforms) = postSolution
		{5ECC5CD7-FBE4-4B4C-918E-87198312929D}.Debug|Any CPU.ActiveCfg = Debug|Any CPU
		{5ECC5CD7-FBE4-4B4C-918E-87198312929D}.Debug|Any CPU.Build.0 = Debug|Any CPU
		{5ECC5CD7-FBE4-4B4C-918E-87198312929D}.Release|Any CPU.ActiveCfg = Release|Any CPU
		{5ECC5CD7-FBE4-4B4C-918E-87198312929D}.Release|Any CPU.Build.0 = Release|Any CPU
	EndGlobalSection
	GlobalSection(SolutionProperties) = preSolution
		HideSolutionNode = FALSE
	EndGlobalSection
	GlobalSection(ExtensibilityGlobals) = postSolution
		SolutionGuid = {E6715469-2A95-4787-95D5-2B7FED427128}
	EndGlobalSection
EndGlobal
